
Microsoft Visual Studio Solution File, Format Version 12.00
# Visual Studio Version 17
VisualStudioVersion = 17.8.34511.84
MinimumVisualStudioVersion = 10.0.40219.1
Project("{FAE04EC0-301F-11D3-BF4B-00C04F79EFBC}") = "ScienceArticles.API", "ScienceArticles.API\ScienceArticles.API.csproj", "{11B27B2A-06AE-4B95-A9FC-941EE55425F4}"
EndProject
Project("{FAE04EC0-301F-11D3-BF4B-00C04F79EFBC}") = "ScienceArticles.Application", "ScienceArticles.Application\ScienceArticles.Application.csproj", "{4240C34E-441F-4DF7-8A88-C303314C3782}"
EndProject
Project("{FAE04EC0-301F-11D3-BF4B-00C04F79EFBC}") = "ScienceArticles.Infrastructure", "ScienceArticles.Infrastructure\ScienceArticles.Infrastructure.csproj", "{3D9A550D-BBEA-4863-A255-E87F53E2251B}"
EndProject
Project("{FAE04EC0-301F-11D3-BF4B-00C04F79EFBC}") = "ScienceArticles.Core", "ScienceArticles.Core\ScienceArticles.Core.csproj", "{69E5F12D-3B57-4CFF-8FB9-B6B219C1F145}"
EndProject
Global
	GlobalSection(SolutionConfigurationPlatforms) = preSolution
		Debug|Any CPU = Debug|Any CPU
		Release|Any CPU = Release|Any CPU
	EndGlobalSection
	GlobalSection(ProjectConfigurationPlatforms) = postSolution
		{11B27B2A-06AE-4B95-A9FC-941EE55425F4}.Debug|Any CPU.ActiveCfg = Debug|Any CPU
		{11B27B2A-06AE-4B95-A9FC-941EE55425F4}.Debug|Any CPU.Build.0 = Debug|Any CPU
		{11B27B2A-06AE-4B95-A9FC-941EE55425F4}.Release|Any CPU.ActiveCfg = Release|Any CPU
		{11B27B2A-06AE-4B95-A9FC-941EE55425F4}.Release|Any CPU.Build.0 = Release|Any CPU
		{4240C34E-441F-4DF7-8A88-C303314C3782}.Debug|Any CPU.ActiveCfg = Debug|Any CPU
		{4240C34E-441F-4DF7-8A88-C303314C3782}.Debug|Any CPU.Build.0 = Debug|Any CPU
		{4240C34E-441F-4DF7-8A88-C303314C3782}.Release|Any CPU.ActiveCfg = Release|Any CPU
		{4240C34E-441F-4DF7-8A88-C303314C3782}.Release|Any CPU.Build.0 = Release|Any CPU
		{3D9A550D-BBEA-4863-A255-E87F53E2251B}.Debug|Any CPU.ActiveCfg = Debug|Any CPU
		{3D9A550D-BBEA-4863-A255-E87F53E2251B}.Debug|Any CPU.Build.0 = Debug|Any CPU
		{3D9A550D-BBEA-4863-A255-E87F53E2251B}.Release|Any CPU.ActiveCfg = Release|Any CPU
		{3D9A550D-BBEA-4863-A255-E87F53E2251B}.Release|Any CPU.Build.0 = Release|Any CPU
		{69E5F12D-3B57-4CFF-8FB9-B6B219C1F145}.Debug|Any CPU.ActiveCfg = Debug|Any CPU
		{69E5F12D-3B57-4CFF-8FB9-B6B219C1F145}.Debug|Any CPU.Build.0 = Debug|Any CPU
		{69E5F12D-3B57-4CFF-8FB9-B6B219C1F145}.Release|Any CPU.ActiveCfg = Release|Any CPU
		{69E5F12D-3B57-4CFF-8FB9-B6B219C1F145}.Release|Any CPU.Build.0 = Release|Any CPU
	EndGlobalSection
	GlobalSection(SolutionProperties) = preSolution
		HideSolutionNode = FALSE
	EndGlobalSection
	GlobalSection(ExtensibilityGlobals) = postSolution
		SolutionGuid = {8D40F2BE-BD5C-4787-BF19-09CC1A658C4F}
	EndGlobalSection
EndGlobal
